
Microsoft Visual Studio Solution File, Format Version 12.00
# Visual Studio Version 17
VisualStudioVersion = 17.5.33502.453
MinimumVisualStudioVersion = 10.0.40219.1
Project("{FAE04EC0-301F-11D3-BF4B-00C04F79EFBC}") = "WindowsFormsApp3", "WindowsFormsApp3\WindowsFormsApp3.csproj", "{8BECA54C-7F38-4285-A3E8-5F13E16E97FD}"
EndProject
Global
	GlobalSection(SolutionConfigurationPlatforms) = preSolution
		Debug|Any CPU = Debug|Any CPU
		Release|Any CPU = Release|Any CPU
	EndGlobalSection
	GlobalSection(ProjectConfigurationPlatforms) = postSolution
		{8BECA54C-7F38-4285-A3E8-5F13E16E97FD}.Debug|Any CPU.ActiveCfg = Debug|Any CPU
		{8BECA54C-7F38-4285-A3E8-5F13E16E97FD}.Debug|Any CPU.Build.0 = Debug|Any CPU
		{8BECA54C-7F38-4285-A3E8-5F13E16E97FD}.Release|Any CPU.ActiveCfg = Release|Any CPU
		{8BECA54C-7F38-4285-A3E8-5F13E16E97FD}.Release|Any CPU.Build.0 = Release|Any CPU
	EndGlobalSection
	GlobalSection(SolutionProperties) = preSolution
		HideSolutionNode = FALSE
	EndGlobalSection
	GlobalSection(ExtensibilityGlobals) = postSolution
		SolutionGuid = {5A8BC676-574A-4576-BB89-5F00F704A048}
	EndGlobalSection
EndGlobal
